
Microsoft Visual Studio Solution File, Format Version 12.00
# Visual Studio Version 17
VisualStudioVersion = 17.9.34723.18
MinimumVisualStudioVersion = 10.0.40219.1
Project("{FAE04EC0-301F-11D3-BF4B-00C04F79EFBC}") = "CapaPresentacion", "Cliente\CapaPresentacion.csproj", "{A6094649-2B95-443D-9C25-D6118122A401}"
EndProject
Project("{FAE04EC0-301F-11D3-BF4B-00C04F79EFBC}") = "CapaDatos", "CapaDatos\CapaDatos.csproj", "{C307078F-BBE5-4AFE-BD01-45EEB9762D6F}"
EndProject
Project("{FAE04EC0-301F-11D3-BF4B-00C04F79EFBC}") = "CapaLogica", "CapaLogica\CapaLogica.csproj", "{B32E1A98-4A2C-4618-9380-427B968FC574}"
EndProject
Project("{FAE04EC0-301F-11D3-BF4B-00C04F79EFBC}") = "CapaEntidad", "CapaEntidadd\CapaEntidad.csproj", "{4930410B-E2CE-4D23-895B-729FC1D56732}"
EndProject
Global
	GlobalSection(SolutionConfigurationPlatforms) = preSolution
		Debug|Any CPU = Debug|Any CPU
		Release|Any CPU = Release|Any CPU
	EndGlobalSection
	GlobalSection(ProjectConfigurationPlatforms) = postSolution
		{A6094649-2B95-443D-9C25-D6118122A401}.Debug|Any CPU.ActiveCfg = Debug|Any CPU
		{A6094649-2B95-443D-9C25-D6118122A401}.Debug|Any CPU.Build.0 = Debug|Any CPU
		{A6094649-2B95-443D-9C25-D6118122A401}.Release|Any CPU.ActiveCfg = Release|Any CPU
		{A6094649-2B95-443D-9C25-D6118122A401}.Release|Any CPU.Build.0 = Release|Any CPU
		{C307078F-BBE5-4AFE-BD01-45EEB9762D6F}.Debug|Any CPU.ActiveCfg = Debug|Any CPU
		{C307078F-BBE5-4AFE-BD01-45EEB9762D6F}.Debug|Any CPU.Build.0 = Debug|Any CPU
		{C307078F-BBE5-4AFE-BD01-45EEB9762D6F}.Release|Any CPU.ActiveCfg = Release|Any CPU
		{C307078F-BBE5-4AFE-BD01-45EEB9762D6F}.Release|Any CPU.Build.0 = Release|Any CPU
		{B32E1A98-4A2C-4618-9380-427B968FC574}.Debug|Any CPU.ActiveCfg = Debug|Any CPU
		{B32E1A98-4A2C-4618-9380-427B968FC574}.Debug|Any CPU.Build.0 = Debug|Any CPU
		{B32E1A98-4A2C-4618-9380-427B968FC574}.Release|Any CPU.ActiveCfg = Release|Any CPU
		{B32E1A98-4A2C-4618-9380-427B968FC574}.Release|Any CPU.Build.0 = Release|Any CPU
		{4930410B-E2CE-4D23-895B-729FC1D56732}.Debug|Any CPU.ActiveCfg = Debug|Any CPU
		{4930410B-E2CE-4D23-895B-729FC1D56732}.Debug|Any CPU.Build.0 = Debug|Any CPU
		{4930410B-E2CE-4D23-895B-729FC1D56732}.Release|Any CPU.ActiveCfg = Release|Any CPU
		{4930410B-E2CE-4D23-895B-729FC1D56732}.Release|Any CPU.Build.0 = Release|Any CPU
	EndGlobalSection
	GlobalSection(SolutionProperties) = preSolution
		HideSolutionNode = FALSE
	EndGlobalSection
	GlobalSection(ExtensibilityGlobals) = postSolution
		SolutionGuid = {30603F01-C682-4842-A89E-D15D061F74CB}
	EndGlobalSection
EndGlobal
